// !$*UTF8*$!
{
	archiveVersion = 1;
	classes = {
	};
	objectVersion = 48;
	objects = {

/* Begin PBXBuildFile section */
		F40DE3CB1FAF4DDE00EC32B4 /* main.cpp in Sources */ = {isa = PBXBuildFile; fileRef = F40DE3CA1FAF4DDE00EC32B4 /* main.cpp */; };
		F40DE3E71FAF588000EC32B4 /* Edge.cpp in Sources */ = {isa = PBXBuildFile; fileRef = F40DE3D31FAF587D00EC32B4 /* Edge.cpp */; };
		F40DE3E81FAF588000EC32B4 /* Rasterizer.cpp in Sources */ = {isa = PBXBuildFile; fileRef = F40DE3D41FAF587D00EC32B4 /* Rasterizer.cpp */; };
		F40DE3E91FAF588000EC32B4 /* Transformation.cpp in Sources */ = {isa = PBXBuildFile; fileRef = F40DE3D51FAF587D00EC32B4 /* Transformation.cpp */; };
		F40DE3EA1FAF588000EC32B4 /* TextureEdge.cpp in Sources */ = {isa = PBXBuildFile; fileRef = F40DE3D81FAF587E00EC32B4 /* TextureEdge.cpp */; };
		F40DE3EB1FAF588000EC32B4 /* Mesh.cpp in Sources */ = {isa = PBXBuildFile; fileRef = F40DE3DD1FAF587E00EC32B4 /* Mesh.cpp */; };
		F40DE3EC1FAF588000EC32B4 /* TextureExtractor.cpp in Sources */ = {isa = PBXBuildFile; fileRef = F40DE3DF1FAF587F00EC32B4 /* TextureExtractor.cpp */; };
		F40DE3ED1FAF588000EC32B4 /* TextureGradient.cpp in Sources */ = {isa = PBXBuildFile; fileRef = F40DE3E01FAF587F00EC32B4 /* TextureGradient.cpp */; };
		F40DE3EE1FAF588000EC32B4 /* Gradient.cpp in Sources */ = {isa = PBXBuildFile; fileRef = F40DE3E11FAF587F00EC32B4 /* Gradient.cpp */; };
		F40DE3EF1FAF588000EC32B4 /* Bitmap.cpp in Sources */ = {isa = PBXBuildFile; fileRef = F40DE3E51FAF588000EC32B4 /* Bitmap.cpp */; };
		F40DE4021FAF70CB00EC32B4 /* Timer.cpp in Sources */ = {isa = PBXBuildFile; fileRef = F40DE4001FAF70CB00EC32B4 /* Timer.cpp */; };
		F40DE4061FB0D98400EC32B4 /* View.cpp in Sources */ = {isa = PBXBuildFile; fileRef = F40DE4041FB0D98400EC32B4 /* View.cpp */; };
		F40DE4091FB0DB6000EC32B4 /* Camera.cpp in Sources */ = {isa = PBXBuildFile; fileRef = F40DE4071FB0DB6000EC32B4 /* Camera.cpp */; };
		F45B26CC1FC471A1007E9874 /* DataCostExtractionManager.cpp in Sources */ = {isa = PBXBuildFile; fileRef = F45B26CA1FC471A1007E9874 /* DataCostExtractionManager.cpp */; };
		F48D2E291FB229E200145D8D /* OpenGL.framework in Frameworks */ = {isa = PBXBuildFile; fileRef = F48D2E281FB229E200145D8D /* OpenGL.framework */; };
		F48D2E2B1FB22A2600145D8D /* libGLEW.2.0.0.dylib in Frameworks */ = {isa = PBXBuildFile; fileRef = F48D2E2A1FB22A2600145D8D /* libGLEW.2.0.0.dylib */; };
		F48D2E2D1FB22A3800145D8D /* libSDL2-2.0.0.dylib in Frameworks */ = {isa = PBXBuildFile; fileRef = F48D2E2C1FB22A3700145D8D /* libSDL2-2.0.0.dylib */; };
		F48DFA201FC9A9210055A5CD /* ExtractionWorker_extract.cpp in Sources */ = {isa = PBXBuildFile; fileRef = F48DFA1F1FC9A9210055A5CD /* ExtractionWorker_extract.cpp */; };
		F48DFA221FC9AC150055A5CD /* ExtractionWorker_fillTextureTriangleColor.cpp in Sources */ = {isa = PBXBuildFile; fileRef = F48DFA211FC9AC150055A5CD /* ExtractionWorker_fillTextureTriangleColor.cpp */; };
		F48DFA241FC9B0AA0055A5CD /* ExtractionWorker_extend.cpp in Sources */ = {isa = PBXBuildFile; fileRef = F48DFA231FC9B0AA0055A5CD /* ExtractionWorker_extend.cpp */; };
		F48DFA261FC9B5FF0055A5CD /* ExtractionWorker_applyGradient.cpp in Sources */ = {isa = PBXBuildFile; fileRef = F48DFA251FC9B5FF0055A5CD /* ExtractionWorker_applyGradient.cpp */; };
		F490C1912048081E0023B02F /* TexturePatch.cpp in Sources */ = {isa = PBXBuildFile; fileRef = F490C18F2048081E0023B02F /* TexturePatch.cpp */; };
		F49D60D51FB89EEB00D62BBA /* ExtractionWorker_commonCode.cpp in Sources */ = {isa = PBXBuildFile; fileRef = F49D60D31FB89EEB00D62BBA /* ExtractionWorker_commonCode.cpp */; };
		F4CBCC141FC226AA008C99F4 /* TextureExtractor_mapMap.cpp in Sources */ = {isa = PBXBuildFile; fileRef = F4CBCC131FC226AA008C99F4 /* TextureExtractor_mapMap.cpp */; };
		F4E3B3D41FC1925500C9BBF2 /* DataCostsExtractor.cpp in Sources */ = {isa = PBXBuildFile; fileRef = F4E3B3D21FC1925500C9BBF2 /* DataCostsExtractor.cpp */; };
/* End PBXBuildFile section */

/* Begin PBXCopyFilesBuildPhase section */
		F40DE3C51FAF4DDE00EC32B4 /* Copy Files */ = {
			isa = PBXCopyFilesBuildPhase;
			buildActionMask = 2147483647;
			dstPath = /usr/share/man/man1/;
			dstSubfolderSpec = 0;
			files = (
			);
			name = "Copy Files";
			runOnlyForDeploymentPostprocessing = 1;
		};
/* End PBXCopyFilesBuildPhase section */

/* Begin PBXFileReference section */
		F40DE3C71FAF4DDE00EC32B4 /* TextureExtractorV2 */ = {isa = PBXFileReference; explicitFileType = "compiled.mach-o.executable"; includeInIndex = 0; path = TextureExtractorV2; sourceTree = BUILT_PRODUCTS_DIR; };
		F40DE3CA1FAF4DDE00EC32B4 /* main.cpp */ = {isa = PBXFileReference; lastKnownFileType = sourcecode.cpp.cpp; path = main.cpp; sourceTree = "<group>"; };
		F40DE3D21FAF587D00EC32B4 /* Edge.hpp */ = {isa = PBXFileReference; fileEncoding = 4; lastKnownFileType = sourcecode.cpp.h; path = Edge.hpp; sourceTree = "<group>"; };
		F40DE3D31FAF587D00EC32B4 /* Edge.cpp */ = {isa = PBXFileReference; fileEncoding = 4; lastKnownFileType = sourcecode.cpp.cpp; path = Edge.cpp; sourceTree = "<group>"; };
		F40DE3D41FAF587D00EC32B4 /* Rasterizer.cpp */ = {isa = PBXFileReference; fileEncoding = 4; lastKnownFileType = sourcecode.cpp.cpp; path = Rasterizer.cpp; sourceTree = "<group>"; };
		F40DE3D51FAF587D00EC32B4 /* Transformation.cpp */ = {isa = PBXFileReference; fileEncoding = 4; lastKnownFileType = sourcecode.cpp.cpp; path = Transformation.cpp; sourceTree = "<group>"; };
		F40DE3D61FAF587D00EC32B4 /* Rasterizer.hpp */ = {isa = PBXFileReference; fileEncoding = 4; lastKnownFileType = sourcecode.cpp.h; path = Rasterizer.hpp; sourceTree = "<group>"; };
		F40DE3D71FAF587E00EC32B4 /* TextureGradient.hpp */ = {isa = PBXFileReference; fileEncoding = 4; lastKnownFileType = sourcecode.cpp.h; path = TextureGradient.hpp; sourceTree = "<group>"; };
		F40DE3D81FAF587E00EC32B4 /* TextureEdge.cpp */ = {isa = PBXFileReference; fileEncoding = 4; lastKnownFileType = sourcecode.cpp.cpp; path = TextureEdge.cpp; sourceTree = "<group>"; };
		F40DE3D91FAF587E00EC32B4 /* TextureExtractor.hpp */ = {isa = PBXFileReference; fileEncoding = 4; lastKnownFileType = sourcecode.cpp.h; path = TextureExtractor.hpp; sourceTree = "<group>"; };
		F40DE3DB1FAF587E00EC32B4 /* Mesh.hpp */ = {isa = PBXFileReference; fileEncoding = 4; lastKnownFileType = sourcecode.cpp.h; path = Mesh.hpp; sourceTree = "<group>"; };
		F40DE3DC1FAF587E00EC32B4 /* RenderContext.h */ = {isa = PBXFileReference; fileEncoding = 4; lastKnownFileType = sourcecode.c.h; path = RenderContext.h; sourceTree = "<group>"; };
		F40DE3DD1FAF587E00EC32B4 /* Mesh.cpp */ = {isa = PBXFileReference; fileEncoding = 4; lastKnownFileType = sourcecode.cpp.cpp; path = Mesh.cpp; sourceTree = "<group>"; };
		F40DE3DF1FAF587F00EC32B4 /* TextureExtractor.cpp */ = {isa = PBXFileReference; fileEncoding = 4; lastKnownFileType = sourcecode.cpp.cpp; path = TextureExtractor.cpp; sourceTree = "<group>"; };
		F40DE3E01FAF587F00EC32B4 /* TextureGradient.cpp */ = {isa = PBXFileReference; fileEncoding = 4; lastKnownFileType = sourcecode.cpp.cpp; path = TextureGradient.cpp; sourceTree = "<group>"; };
		F40DE3E11FAF587F00EC32B4 /* Gradient.cpp */ = {isa = PBXFileReference; fileEncoding = 4; lastKnownFileType = sourcecode.cpp.cpp; path = Gradient.cpp; sourceTree = "<group>"; };
		F40DE3E21FAF587F00EC32B4 /* Gradient.hpp */ = {isa = PBXFileReference; fileEncoding = 4; lastKnownFileType = sourcecode.cpp.h; path = Gradient.hpp; sourceTree = "<group>"; };
		F40DE3E31FAF587F00EC32B4 /* Transformation.hpp */ = {isa = PBXFileReference; fileEncoding = 4; lastKnownFileType = sourcecode.cpp.h; path = Transformation.hpp; sourceTree = "<group>"; };
		F40DE3E41FAF588000EC32B4 /* Bitmap.hpp */ = {isa = PBXFileReference; fileEncoding = 4; lastKnownFileType = sourcecode.cpp.h; path = Bitmap.hpp; sourceTree = "<group>"; };
		F40DE3E51FAF588000EC32B4 /* Bitmap.cpp */ = {isa = PBXFileReference; fileEncoding = 4; lastKnownFileType = sourcecode.cpp.cpp; path = Bitmap.cpp; sourceTree = "<group>"; };
		F40DE3E61FAF588000EC32B4 /* TextureEdge.hpp */ = {isa = PBXFileReference; fileEncoding = 4; lastKnownFileType = sourcecode.cpp.h; path = TextureEdge.hpp; sourceTree = "<group>"; };
		F40DE3FC1FAF58D000EC32B4 /* stb */ = {isa = PBXFileReference; lastKnownFileType = folder; path = stb; sourceTree = "<group>"; };
		F40DE4001FAF70CB00EC32B4 /* Timer.cpp */ = {isa = PBXFileReference; lastKnownFileType = sourcecode.cpp.cpp; path = Timer.cpp; sourceTree = "<group>"; };
		F40DE4011FAF70CB00EC32B4 /* Timer.hpp */ = {isa = PBXFileReference; lastKnownFileType = sourcecode.cpp.h; path = Timer.hpp; sourceTree = "<group>"; };
		F40DE4031FB06EA000EC32B4 /* Utils.h */ = {isa = PBXFileReference; lastKnownFileType = sourcecode.c.h; path = Utils.h; sourceTree = "<group>"; };
		F40DE4041FB0D98400EC32B4 /* View.cpp */ = {isa = PBXFileReference; lastKnownFileType = sourcecode.cpp.cpp; path = View.cpp; sourceTree = "<group>"; };
		F40DE4051FB0D98400EC32B4 /* View.hpp */ = {isa = PBXFileReference; lastKnownFileType = sourcecode.cpp.h; path = View.hpp; sourceTree = "<group>"; };
		F40DE4071FB0DB6000EC32B4 /* Camera.cpp */ = {isa = PBXFileReference; lastKnownFileType = sourcecode.cpp.cpp; path = Camera.cpp; sourceTree = "<group>"; };
		F40DE4081FB0DB6000EC32B4 /* Camera.hpp */ = {isa = PBXFileReference; lastKnownFileType = sourcecode.cpp.h; path = Camera.hpp; sourceTree = "<group>"; };
		F45B26CA1FC471A1007E9874 /* DataCostExtractionManager.cpp */ = {isa = PBXFileReference; lastKnownFileType = sourcecode.cpp.cpp; path = DataCostExtractionManager.cpp; sourceTree = "<group>"; };
		F45B26CB1FC471A1007E9874 /* DataCostExtractionManager.hpp */ = {isa = PBXFileReference; lastKnownFileType = sourcecode.cpp.h; path = DataCostExtractionManager.hpp; sourceTree = "<group>"; };
		F4890593203C2DFF00C46AE9 /* resources */ = {isa = PBXFileReference; lastKnownFileType = folder; path = resources; sourceTree = "<group>"; };
		F4890595203C368400C46AE9 /* INIReader.h */ = {isa = PBXFileReference; lastKnownFileType = sourcecode.c.h; path = INIReader.h; sourceTree = "<group>"; };
		F48D2E281FB229E200145D8D /* OpenGL.framework */ = {isa = PBXFileReference; lastKnownFileType = wrapper.framework; name = OpenGL.framework; path = System/Library/Frameworks/OpenGL.framework; sourceTree = SDKROOT; };
		F48D2E2A1FB22A2600145D8D /* libGLEW.2.0.0.dylib */ = {isa = PBXFileReference; lastKnownFileType = "compiled.mach-o.dylib"; name = libGLEW.2.0.0.dylib; path = ../../../../../../usr/local/Cellar/glew/2.0.0/lib/libGLEW.2.0.0.dylib; sourceTree = "<group>"; };
		F48D2E2C1FB22A3700145D8D /* libSDL2-2.0.0.dylib */ = {isa = PBXFileReference; lastKnownFileType = "compiled.mach-o.dylib"; name = "libSDL2-2.0.0.dylib"; path = "../../../../../../usr/local/Cellar/sdl2/2.0.6/lib/libSDL2-2.0.0.dylib"; sourceTree = "<group>"; };
		F48DFA1F1FC9A9210055A5CD /* ExtractionWorker_extract.cpp */ = {isa = PBXFileReference; lastKnownFileType = sourcecode.cpp.cpp; path = ExtractionWorker_extract.cpp; sourceTree = "<group>"; };
		F48DFA211FC9AC150055A5CD /* ExtractionWorker_fillTextureTriangleColor.cpp */ = {isa = PBXFileReference; lastKnownFileType = sourcecode.cpp.cpp; path = ExtractionWorker_fillTextureTriangleColor.cpp; sourceTree = "<group>"; };
		F48DFA231FC9B0AA0055A5CD /* ExtractionWorker_extend.cpp */ = {isa = PBXFileReference; lastKnownFileType = sourcecode.cpp.cpp; path = ExtractionWorker_extend.cpp; sourceTree = "<group>"; };
		F48DFA251FC9B5FF0055A5CD /* ExtractionWorker_applyGradient.cpp */ = {isa = PBXFileReference; lastKnownFileType = sourcecode.cpp.cpp; path = ExtractionWorker_applyGradient.cpp; sourceTree = "<group>"; };
		F490C18F2048081E0023B02F /* TexturePatch.cpp */ = {isa = PBXFileReference; lastKnownFileType = sourcecode.cpp.cpp; path = TexturePatch.cpp; sourceTree = "<group>"; };
		F490C1902048081E0023B02F /* TexturePatch.hpp */ = {isa = PBXFileReference; lastKnownFileType = sourcecode.cpp.h; path = TexturePatch.hpp; sourceTree = "<group>"; };
		F49D60D31FB89EEB00D62BBA /* ExtractionWorker_commonCode.cpp */ = {isa = PBXFileReference; lastKnownFileType = sourcecode.cpp.cpp; path = ExtractionWorker_commonCode.cpp; sourceTree = "<group>"; };
		F49D60D41FB89EEB00D62BBA /* ExtractionWorker.hpp */ = {isa = PBXFileReference; lastKnownFileType = sourcecode.cpp.h; path = ExtractionWorker.hpp; sourceTree = "<group>"; };
		F4CBCC121FC20992008C99F4 /* mapmap */ = {isa = PBXFileReference; lastKnownFileType = folder; path = mapmap; sourceTree = "<group>"; };
		F4CBCC131FC226AA008C99F4 /* TextureExtractor_mapMap.cpp */ = {isa = PBXFileReference; lastKnownFileType = sourcecode.cpp.cpp; path = TextureExtractor_mapMap.cpp; sourceTree = "<group>"; };
		F4E3B3D11FC03A7700C9BBF2 /* Arguments.h */ = {isa = PBXFileReference; lastKnownFileType = sourcecode.c.h; path = Arguments.h; sourceTree = "<group>"; };
		F4E3B3D21FC1925500C9BBF2 /* DataCostsExtractor.cpp */ = {isa = PBXFileReference; lastKnownFileType = sourcecode.cpp.cpp; path = DataCostsExtractor.cpp; sourceTree = "<group>"; };
		F4E3B3D31FC1925500C9BBF2 /* DataCostsExtractor.hpp */ = {isa = PBXFileReference; lastKnownFileType = sourcecode.cpp.h; path = DataCostsExtractor.hpp; sourceTree = "<group>"; };
		F4E3B3D51FC1967900C9BBF2 /* PatchQuality.h */ = {isa = PBXFileReference; lastKnownFileType = sourcecode.c.h; path = PatchQuality.h; sourceTree = "<group>"; };
/* End PBXFileReference section */

/* Begin PBXFrameworksBuildPhase section */
		F40DE3C41FAF4DDE00EC32B4 /* Frameworks */ = {
			isa = PBXFrameworksBuildPhase;
			buildActionMask = 2147483647;
			files = (
				F48D2E2D1FB22A3800145D8D /* libSDL2-2.0.0.dylib in Frameworks */,
				F48D2E2B1FB22A2600145D8D /* libGLEW.2.0.0.dylib in Frameworks */,
				F48D2E291FB229E200145D8D /* OpenGL.framework in Frameworks */,
			);
			runOnlyForDeploymentPostprocessing = 0;
		};
/* End PBXFrameworksBuildPhase section */

/* Begin PBXGroup section */
		F40DE3BE1FAF4DDE00EC32B4 = {
			isa = PBXGroup;
			children = (
				F40DE3C91FAF4DDE00EC32B4 /* TextureExtractorV2 */,
				F4890593203C2DFF00C46AE9 /* resources */,
				F40DE3C81FAF4DDE00EC32B4 /* Products */,
				F48D2E271FB229E100145D8D /* Frameworks */,
			);
			sourceTree = "<group>";
		};
		F40DE3C81FAF4DDE00EC32B4 /* Products */ = {
			isa = PBXGroup;
			children = (
				F40DE3C71FAF4DDE00EC32B4 /* TextureExtractorV2 */,
			);
			name = Products;
			sourceTree = "<group>";
		};
		F40DE3C91FAF4DDE00EC32B4 /* TextureExtractorV2 */ = {
			isa = PBXGroup;
			children = (
				F40DE3CA1FAF4DDE00EC32B4 /* main.cpp */,
				F4E3B3D11FC03A7700C9BBF2 /* Arguments.h */,
				F40DE4031FB06EA000EC32B4 /* Utils.h */,
				F40DE3D91FAF587E00EC32B4 /* TextureExtractor.hpp */,
				F490C18F2048081E0023B02F /* TexturePatch.cpp */,
				F490C1902048081E0023B02F /* TexturePatch.hpp */,
				F40DE3DF1FAF587F00EC32B4 /* TextureExtractor.cpp */,
				F4CBCC131FC226AA008C99F4 /* TextureExtractor_mapMap.cpp */,
				F40DE4011FAF70CB00EC32B4 /* Timer.hpp */,
				F40DE4001FAF70CB00EC32B4 /* Timer.cpp */,
				F49D60D41FB89EEB00D62BBA /* ExtractionWorker.hpp */,
				F48DFA251FC9B5FF0055A5CD /* ExtractionWorker_applyGradient.cpp */,
				F48DFA1F1FC9A9210055A5CD /* ExtractionWorker_extract.cpp */,
				F49D60D31FB89EEB00D62BBA /* ExtractionWorker_commonCode.cpp */,
				F48DFA211FC9AC150055A5CD /* ExtractionWorker_fillTextureTriangleColor.cpp */,
				F48DFA231FC9B0AA0055A5CD /* ExtractionWorker_extend.cpp */,
				F40DE3DB1FAF587E00EC32B4 /* Mesh.hpp */,
				F40DE3DD1FAF587E00EC32B4 /* Mesh.cpp */,
				F4E3B3D51FC1967900C9BBF2 /* PatchQuality.h */,
				F45B26CA1FC471A1007E9874 /* DataCostExtractionManager.cpp */,
				F45B26CB1FC471A1007E9874 /* DataCostExtractionManager.hpp */,
				F4E3B3D31FC1925500C9BBF2 /* DataCostsExtractor.hpp */,
				F4E3B3D21FC1925500C9BBF2 /* DataCostsExtractor.cpp */,
				F40DE4051FB0D98400EC32B4 /* View.hpp */,
				F40DE4041FB0D98400EC32B4 /* View.cpp */,
				F40DE4081FB0DB6000EC32B4 /* Camera.hpp */,
				F40DE4071FB0DB6000EC32B4 /* Camera.cpp */,
				F40DE3D61FAF587D00EC32B4 /* Rasterizer.hpp */,
				F40DE3D41FAF587D00EC32B4 /* Rasterizer.cpp */,
				F40DE3E31FAF587F00EC32B4 /* Transformation.hpp */,
				F40DE3D51FAF587D00EC32B4 /* Transformation.cpp */,
				F40DE3E41FAF588000EC32B4 /* Bitmap.hpp */,
				F40DE3E51FAF588000EC32B4 /* Bitmap.cpp */,
				F4890595203C368400C46AE9 /* INIReader.h */,
				F40DE3DC1FAF587E00EC32B4 /* RenderContext.h */,
				F40DE3D21FAF587D00EC32B4 /* Edge.hpp */,
				F40DE3D31FAF587D00EC32B4 /* Edge.cpp */,
				F40DE3E21FAF587F00EC32B4 /* Gradient.hpp */,
				F40DE3E11FAF587F00EC32B4 /* Gradient.cpp */,
				F40DE3E61FAF588000EC32B4 /* TextureEdge.hpp */,
				F40DE3D81FAF587E00EC32B4 /* TextureEdge.cpp */,
				F40DE3D71FAF587E00EC32B4 /* TextureGradient.hpp */,
				F40DE3E01FAF587F00EC32B4 /* TextureGradient.cpp */,
				F40DE3FC1FAF58D000EC32B4 /* stb */,
				F4CBCC121FC20992008C99F4 /* mapmap */,
			);
			path = TextureExtractorV2;
			sourceTree = "<group>";
		};
		F48D2E271FB229E100145D8D /* Frameworks */ = {
			isa = PBXGroup;
			children = (
				F48D2E2C1FB22A3700145D8D /* libSDL2-2.0.0.dylib */,
				F48D2E2A1FB22A2600145D8D /* libGLEW.2.0.0.dylib */,
				F48D2E281FB229E200145D8D /* OpenGL.framework */,
			);
			name = Frameworks;
			sourceTree = "<group>";
		};
/* End PBXGroup section */

/* Begin PBXNativeTarget section */
		F40DE3C61FAF4DDE00EC32B4 /* TextureExtractorV2 */ = {
			isa = PBXNativeTarget;
			buildConfigurationList = F40DE3CE1FAF4DDE00EC32B4 /* Build configuration list for PBXNativeTarget "TextureExtractorV2" */;
			buildPhases = (
				F40DE3C31FAF4DDE00EC32B4 /* Sources */,
				F40DE3C41FAF4DDE00EC32B4 /* Frameworks */,
				F40DE3C51FAF4DDE00EC32B4 /* Copy Files */,
				F40DE3D11FAF527B00EC32B4 /* Run Script */,
			);
			buildRules = (
			);
			dependencies = (
			);
			name = TextureExtractorV2;
			productName = TextureExtractorV2;
			productReference = F40DE3C71FAF4DDE00EC32B4 /* TextureExtractorV2 */;
			productType = "com.apple.product-type.tool";
		};
/* End PBXNativeTarget section */

/* Begin PBXProject section */
		F40DE3BF1FAF4DDE00EC32B4 /* Project object */ = {
			isa = PBXProject;
			attributes = {
				LastUpgradeCheck = 0900;
				ORGANIZATIONNAME = "Danil Luzin";
				TargetAttributes = {
					F40DE3C61FAF4DDE00EC32B4 = {
						CreatedOnToolsVersion = 9.0;
						ProvisioningStyle = Automatic;
					};
				};
			};
			buildConfigurationList = F40DE3C21FAF4DDE00EC32B4 /* Build configuration list for PBXProject "TextureExtractorV2" */;
			compatibilityVersion = "Xcode 8.0";
			developmentRegion = en;
			hasScannedForEncodings = 0;
			knownRegions = (
				en,
			);
			mainGroup = F40DE3BE1FAF4DDE00EC32B4;
			productRefGroup = F40DE3C81FAF4DDE00EC32B4 /* Products */;
			projectDirPath = "";
			projectRoot = "";
			targets = (
				F40DE3C61FAF4DDE00EC32B4 /* TextureExtractorV2 */,
			);
		};
/* End PBXProject section */

/* Begin PBXShellScriptBuildPhase section */
		F40DE3D11FAF527B00EC32B4 /* Run Script */ = {
			isa = PBXShellScriptBuildPhase;
			buildActionMask = 2147483647;
			files = (
			);
			inputPaths = (
			);
			name = "Run Script";
			outputPaths = (
			);
			runOnlyForDeploymentPostprocessing = 0;
			shellPath = /bin/sh;
			shellScript = "KEYWORDS=\"\\/TODO:|\\/FIXME:\"\nERRORTAG=\"\\/ERROR:\"\nfind \"${SRCROOT}\" \\( -name \"*.h\" -or -name \"*.cpp\" -or -name \"*.hpp\" \\) -print0 | xargs -0 egrep --with-filename --line-number --only-matching \"($KEYWORDS).*\\$|($ERRORTAG).*\\$\" | perl -p -e \"s/($KEYWORDS)/ warning: \\$1/\" | perl -p -e \"s/($ERRORTAG)/ error: \\$1/\"\n";
		};
/* End PBXShellScriptBuildPhase section */

/* Begin PBXSourcesBuildPhase section */
		F40DE3C31FAF4DDE00EC32B4 /* Sources */ = {
			isa = PBXSourcesBuildPhase;
			buildActionMask = 2147483647;
			files = (
				F49D60D51FB89EEB00D62BBA /* ExtractionWorker_commonCode.cpp in Sources */,
				F40DE4091FB0DB6000EC32B4 /* Camera.cpp in Sources */,
				F40DE4061FB0D98400EC32B4 /* View.cpp in Sources */,
				F40DE3EB1FAF588000EC32B4 /* Mesh.cpp in Sources */,
				F40DE3E81FAF588000EC32B4 /* Rasterizer.cpp in Sources */,
				F48DFA221FC9AC150055A5CD /* ExtractionWorker_fillTextureTriangleColor.cpp in Sources */,
				F40DE3E71FAF588000EC32B4 /* Edge.cpp in Sources */,
				F40DE3ED1FAF588000EC32B4 /* TextureGradient.cpp in Sources */,
				F48DFA201FC9A9210055A5CD /* ExtractionWorker_extract.cpp in Sources */,
				F40DE3EE1FAF588000EC32B4 /* Gradient.cpp in Sources */,
				F40DE4021FAF70CB00EC32B4 /* Timer.cpp in Sources */,
				F4E3B3D41FC1925500C9BBF2 /* DataCostsExtractor.cpp in Sources */,
				F4CBCC141FC226AA008C99F4 /* TextureExtractor_mapMap.cpp in Sources */,
				F45B26CC1FC471A1007E9874 /* DataCostExtractionManager.cpp in Sources */,
				F48DFA241FC9B0AA0055A5CD /* ExtractionWorker_extend.cpp in Sources */,
				F48DFA261FC9B5FF0055A5CD /* ExtractionWorker_applyGradient.cpp in Sources */,
				F490C1912048081E0023B02F /* TexturePatch.cpp in Sources */,
				F40DE3EA1FAF588000EC32B4 /* TextureEdge.cpp in Sources */,
				F40DE3EF1FAF588000EC32B4 /* Bitmap.cpp in Sources */,
				F40DE3EC1FAF588000EC32B4 /* TextureExtractor.cpp in Sources */,
				F40DE3E91FAF588000EC32B4 /* Transformation.cpp in Sources */,
				F40DE3CB1FAF4DDE00EC32B4 /* main.cpp in Sources */,
			);
			runOnlyForDeploymentPostprocessing = 0;
		};
/* End PBXSourcesBuildPhase section */

/* Begin XCBuildConfiguration section */
		F40DE3CC1FAF4DDE00EC32B4 /* Debug */ = {
			isa = XCBuildConfiguration;
			buildSettings = {
				ALWAYS_SEARCH_USER_PATHS = NO;
				CLANG_ANALYZER_NONNULL = YES;
				CLANG_ANALYZER_NUMBER_OBJECT_CONVERSION = YES_AGGRESSIVE;
				CLANG_CXX_LANGUAGE_STANDARD = "gnu++14";
				CLANG_CXX_LIBRARY = "libc++";
				CLANG_ENABLE_MODULES = YES;
				CLANG_ENABLE_OBJC_ARC = YES;
				CLANG_WARN_BLOCK_CAPTURE_AUTORELEASING = YES;
				CLANG_WARN_BOOL_CONVERSION = YES;
				CLANG_WARN_COMMA = YES;
				CLANG_WARN_CONSTANT_CONVERSION = YES;
				CLANG_WARN_DIRECT_OBJC_ISA_USAGE = YES_ERROR;
				CLANG_WARN_DOCUMENTATION_COMMENTS = YES;
				CLANG_WARN_EMPTY_BODY = YES;
				CLANG_WARN_ENUM_CONVERSION = YES;
				CLANG_WARN_INFINITE_RECURSION = YES;
				CLANG_WARN_INT_CONVERSION = YES;
				CLANG_WARN_NON_LITERAL_NULL_CONVERSION = YES;
				CLANG_WARN_OBJC_LITERAL_CONVERSION = YES;
				CLANG_WARN_OBJC_ROOT_CLASS = YES_ERROR;
				CLANG_WARN_RANGE_LOOP_ANALYSIS = YES;
				CLANG_WARN_STRICT_PROTOTYPES = YES;
				CLANG_WARN_SUSPICIOUS_MOVE = YES;
				CLANG_WARN_UNGUARDED_AVAILABILITY = YES_AGGRESSIVE;
				CLANG_WARN_UNREACHABLE_CODE = YES;
				CLANG_WARN__DUPLICATE_METHOD_MATCH = YES;
				CODE_SIGN_IDENTITY = "-";
				COPY_PHASE_STRIP = NO;
				DEBUG_INFORMATION_FORMAT = dwarf;
				ENABLE_STRICT_OBJC_MSGSEND = YES;
				ENABLE_TESTABILITY = YES;
				GCC_C_LANGUAGE_STANDARD = gnu11;
				GCC_DYNAMIC_NO_PIC = NO;
				GCC_NO_COMMON_BLOCKS = YES;
				GCC_OPTIMIZATION_LEVEL = 0;
				GCC_PREPROCESSOR_DEFINITIONS = (
					"DEBUG=1",
					"$(inherited)",
				);
				GCC_WARN_64_TO_32_BIT_CONVERSION = YES;
				GCC_WARN_ABOUT_RETURN_TYPE = YES_ERROR;
				GCC_WARN_UNDECLARED_SELECTOR = YES;
				GCC_WARN_UNINITIALIZED_AUTOS = YES_AGGRESSIVE;
				GCC_WARN_UNUSED_FUNCTION = YES;
				GCC_WARN_UNUSED_VARIABLE = YES;
				MACOSX_DEPLOYMENT_TARGET = 10.12;
				MTL_ENABLE_DEBUG_INFO = YES;
				ONLY_ACTIVE_ARCH = YES;
				SDKROOT = macosx;
			};
			name = Debug;
		};
		F40DE3CD1FAF4DDE00EC32B4 /* Release */ = {
			isa = XCBuildConfiguration;
			buildSettings = {
				ALWAYS_SEARCH_USER_PATHS = NO;
				CLANG_ANALYZER_NONNULL = YES;
				CLANG_ANALYZER_NUMBER_OBJECT_CONVERSION = YES_AGGRESSIVE;
				CLANG_CXX_LANGUAGE_STANDARD = "gnu++14";
				CLANG_CXX_LIBRARY = "libc++";
				CLANG_ENABLE_MODULES = YES;
				CLANG_ENABLE_OBJC_ARC = YES;
				CLANG_WARN_BLOCK_CAPTURE_AUTORELEASING = YES;
				CLANG_WARN_BOOL_CONVERSION = YES;
				CLANG_WARN_COMMA = YES;
				CLANG_WARN_CONSTANT_CONVERSION = YES;
				CLANG_WARN_DIRECT_OBJC_ISA_USAGE = YES_ERROR;
				CLANG_WARN_DOCUMENTATION_COMMENTS = YES;
				CLANG_WARN_EMPTY_BODY = YES;
				CLANG_WARN_ENUM_CONVERSION = YES;
				CLANG_WARN_INFINITE_RECURSION = YES;
				CLANG_WARN_INT_CONVERSION = YES;
				CLANG_WARN_NON_LITERAL_NULL_CONVERSION = YES;
				CLANG_WARN_OBJC_LITERAL_CONVERSION = YES;
				CLANG_WARN_OBJC_ROOT_CLASS = YES_ERROR;
				CLANG_WARN_RANGE_LOOP_ANALYSIS = YES;
				CLANG_WARN_STRICT_PROTOTYPES = YES;
				CLANG_WARN_SUSPICIOUS_MOVE = YES;
				CLANG_WARN_UNGUARDED_AVAILABILITY = YES_AGGRESSIVE;
				CLANG_WARN_UNREACHABLE_CODE = YES;
				CLANG_WARN__DUPLICATE_METHOD_MATCH = YES;
				CODE_SIGN_IDENTITY = "-";
				COPY_PHASE_STRIP = NO;
				DEBUG_INFORMATION_FORMAT = "dwarf-with-dsym";
				ENABLE_NS_ASSERTIONS = NO;
				ENABLE_STRICT_OBJC_MSGSEND = YES;
				GCC_C_LANGUAGE_STANDARD = gnu11;
				GCC_NO_COMMON_BLOCKS = YES;
				GCC_WARN_64_TO_32_BIT_CONVERSION = YES;
				GCC_WARN_ABOUT_RETURN_TYPE = YES_ERROR;
				GCC_WARN_UNDECLARED_SELECTOR = YES;
				GCC_WARN_UNINITIALIZED_AUTOS = YES_AGGRESSIVE;
				GCC_WARN_UNUSED_FUNCTION = YES;
				GCC_WARN_UNUSED_VARIABLE = YES;
				MACOSX_DEPLOYMENT_TARGET = 10.12;
				MTL_ENABLE_DEBUG_INFO = NO;
				SDKROOT = macosx;
			};
			name = Release;
		};
		F40DE3CF1FAF4DDE00EC32B4 /* Debug */ = {
			isa = XCBuildConfiguration;
			buildSettings = {
				CLANG_WARN_DOCUMENTATION_COMMENTS = NO;
				CODE_SIGN_STYLE = Automatic;
				HEADER_SEARCH_PATHS = (
					/usr/local/include,
					/usr/local/Cellar/tbb/2018_U1/include,
				);
				LIBRARY_SEARCH_PATHS = (
					"$(inherited)",
					/usr/local/Cellar/glew/2.0.0/lib,
					/usr/local/Cellar/opencv/3.3.1_1/lib,
					/usr/local/Cellar/sdl2/2.0.6/lib,
					/usr/local/Cellar/tbb/2018_U1/lib,
				);
				OTHER_LDFLAGS = (
					"-lopencv_shape",
					"-lopencv_stitching",
					"-lopencv_objdetect",
					"-lopencv_superres",
					"-lopencv_videostab",
					"-lopencv_calib3d",
					"-lopencv_features2d",
					"-lopencv_highgui",
					"-lopencv_videoio",
					"-lopencv_imgcodecs",
					"-lopencv_video",
					"-lopencv_photo",
					"-lopencv_ml",
					"-lopencv_imgproc",
					"-lopencv_flann",
					"-lopencv_core",
					"-ltbb",
				);
				PRODUCT_NAME = "$(TARGET_NAME)";
			};
			name = Debug;
		};
		F40DE3D01FAF4DDE00EC32B4 /* Release */ = {
			isa = XCBuildConfiguration;
			buildSettings = {
				CLANG_WARN_DOCUMENTATION_COMMENTS = NO;
				CODE_SIGN_STYLE = Automatic;
				HEADER_SEARCH_PATHS = (
					/usr/local/include,
					/usr/local/Cellar/tbb/2018_U1/include,
				);
				LIBRARY_SEARCH_PATHS = (
					"$(inherited)",
					/usr/local/Cellar/glew/2.0.0/lib,
					/usr/local/Cellar/opencv/3.3.1_1/lib,
					/usr/local/Cellar/sdl2/2.0.6/lib,
					/usr/local/Cellar/tbb/2018_U1/lib,
				);
				OTHER_LDFLAGS = (
					"-lopencv_shape",
					"-lopencv_stitching",
					"-lopencv_objdetect",
					"-lopencv_superres",
					"-lopencv_videostab",
					"-lopencv_calib3d",
					"-lopencv_features2d",
					"-lopencv_highgui",
					"-lopencv_videoio",
					"-lopencv_imgcodecs",
					"-lopencv_video",
					"-lopencv_photo",
					"-lopencv_ml",
					"-lopencv_imgproc",
					"-lopencv_flann",
					"-lopencv_core",
					"-ltbb",
				);
				PRODUCT_NAME = "$(TARGET_NAME)";
			};
			name = Release;
		};
/* End XCBuildConfiguration section */

/* Begin XCConfigurationList section */
		F40DE3C21FAF4DDE00EC32B4 /* Build configuration list for PBXProject "TextureExtractorV2" */ = {
			isa = XCConfigurationList;
			buildConfigurations = (
				F40DE3CC1FAF4DDE00EC32B4 /* Debug */,
				F40DE3CD1FAF4DDE00EC32B4 /* Release */,
			);
			defaultConfigurationIsVisible = 0;
			defaultConfigurationName = Release;
		};
		F40DE3CE1FAF4DDE00EC32B4 /* Build configuration list for PBXNativeTarget "TextureExtractorV2" */ = {
			isa = XCConfigurationList;
			buildConfigurations = (
				F40DE3CF1FAF4DDE00EC32B4 /* Debug */,
				F40DE3D01FAF4DDE00EC32B4 /* Release */,
			);
			defaultConfigurationIsVisible = 0;
			defaultConfigurationName = Release;
		};
/* End XCConfigurationList section */
	};
	rootObject = F40DE3BF1FAF4DDE00EC32B4 /* Project object */;
}
